<?xml version="1.0" encoding="utf-8"?>
<Project ToolsVersion="4.0" xmlns="http://schemas.microsoft.com/developer/msbuild/2003">
  <ItemGroup>
    <ClCompile Include="src\BlobProcessor.cpp">
      <Filter>Source</Filter>
    </ClCompile>
    <ClCompile Include="src\CameraDevice.cpp">
      <Filter>Source</Filter>
    </ClCompile>
    <ClCompile Include="src\ContourProcessor.cpp">
      <Filter>Source</Filter>
    </ClCompile>
    <ClCompile Include="src\Frame.cpp">
      <Filter>Source</Filter>
    </ClCompile>
    <ClCompile Include="src\Source.cpp">
      <Filter>Source</Filter>
    </ClCompile>
    <ClCompile Include="..\..\..\Alex%27s Data\GitHub\camera_array_multitouch_cpp\src\CalibrationProcessor.cpp">
      <Filter>Source</Filter>
    </ClCompile>
  </ItemGroup>
  <ItemGroup>
    <ClInclude Include="include\BlobProcessor.h">
      <Filter>Headers</Filter>
    </ClInclude>
    <ClInclude Include="include\CameraDevice.h">
      <Filter>Headers</Filter>
    </ClInclude>
    <ClInclude Include="include\ContourProcessor.h">
      <Filter>Headers</Filter>
    </ClInclude>
    <ClInclude Include="include\FeatureContainer.h">
      <Filter>Headers</Filter>
    </ClInclude>
    <ClInclude Include="include\Frame.h">
      <Filter>Headers</Filter>
    </ClInclude>
    <ClInclude Include="include\Processor.h">
      <Filter>Headers</Filter>
    </ClInclude>
    <ClInclude Include="include\Transformer.h">
      <Filter>Headers</Filter>
    </ClInclude>
    <ClInclude Include="include\SharedConcurrentQueue.h">
      <Filter>Headers</Filter>
    </ClInclude>
    <ClInclude Include="..\..\..\Alex%27s Data\GitHub\camera_array_multitouch_cpp\include\CalibrationProcessor.h">
      <Filter>Headers</Filter>
    </ClInclude>
  </ItemGroup>
  <ItemGroup>
    <None Include="packages.config" />
  </ItemGroup>
  <ItemGroup>
    <Filter Include="Headers">
      <UniqueIdentifier>{0ac266b6-7728-414a-9dbf-87d3a8adf027}</UniqueIdentifier>
    </Filter>
    <Filter Include="Source">
      <UniqueIdentifier>{06ca6f7e-28c2-4749-b087-e86a598f3051}</UniqueIdentifier>
    </Filter>
  </ItemGroup>
</Project>