
Microsoft Visual Studio Solution File, Format Version 12.00
# Visual Studio 2013
VisualStudioVersion = 12.0.31101.0
MinimumVisualStudioVersion = 10.0.40219.1
Project("{8BC9CEB8-8B4A-11D0-8D11-00A0C91BC942}") = "CameraArray", "CameraArray.vcxproj", "{014D0D66-6116-4534-8E35-F5707958F606}"
EndProject
Project("{2150E333-8FDC-42A3-9474-1A3956D46DE8}") = ".nuget", ".nuget", "{84503105-70E3-4D99-A418-0E4543B08236}"
	ProjectSection(SolutionItems) = preProject
		.nuget\packages.config = .nuget\packages.config
	EndProjectSection
EndProject
Global
	GlobalSection(SolutionConfigurationPlatforms) = preSolution
		Debug|Win32 = Debug|Win32
		Release|Win32 = Release|Win32
	EndGlobalSection
	GlobalSection(ProjectConfigurationPlatforms) = postSolution
		{014D0D66-6116-4534-8E35-F5707958F606}.Debug|Win32.ActiveCfg = Debug|Win32
		{014D0D66-6116-4534-8E35-F5707958F606}.Debug|Win32.Build.0 = Debug|Win32
		{014D0D66-6116-4534-8E35-F5707958F606}.Release|Win32.ActiveCfg = Release|Win32
		{014D0D66-6116-4534-8E35-F5707958F606}.Release|Win32.Build.0 = Release|Win32
	EndGlobalSection
	GlobalSection(SolutionProperties) = preSolution
		HideSolutionNode = FALSE
	EndGlobalSection
EndGlobal
